
Microsoft Visual Studio Solution File, Format Version 12.00
# Visual Studio Version 17
VisualStudioVersion = 17.5.002.0
MinimumVisualStudioVersion = 10.0.40219.1
Project("{9A19103F-16F7-4668-BE54-9A1E7A4F7556}") = "MongoDB_ASPNET", "MongoDB_ASPNET.csproj", "{88701971-22E6-4CEA-98A3-2D8E25D7320A}"
EndProject
Global
	GlobalSection(SolutionConfigurationPlatforms) = preSolution
		Debug|Any CPU = Debug|Any CPU
		Release|Any CPU = Release|Any CPU
	EndGlobalSection
	GlobalSection(ProjectConfigurationPlatforms) = postSolution
		{88701971-22E6-4CEA-98A3-2D8E25D7320A}.Debug|Any CPU.ActiveCfg = Debug|Any CPU
		{88701971-22E6-4CEA-98A3-2D8E25D7320A}.Debug|Any CPU.Build.0 = Debug|Any CPU
		{88701971-22E6-4CEA-98A3-2D8E25D7320A}.Release|Any CPU.ActiveCfg = Release|Any CPU
		{88701971-22E6-4CEA-98A3-2D8E25D7320A}.Release|Any CPU.Build.0 = Release|Any CPU
	EndGlobalSection
	GlobalSection(SolutionProperties) = preSolution
		HideSolutionNode = FALSE
	EndGlobalSection
	GlobalSection(ExtensibilityGlobals) = postSolution
		SolutionGuid = {CC506F0C-F46A-46A8-A87B-6DC7F3108D86}
	EndGlobalSection
EndGlobal
